{
  "lockfileVersion": 1,
  "configVersion": 1,
  "workspaces": {
    "": {
      "name": "prisma-8-ts5",
      "dependencies": {
        "@prisma-next/postgres": "^0.16.0",
        "dotenv": "^17.4.2",
      },
      "devDependencies": {
        "@types/node": "^26.1.2",
        "prisma-next": "^0.16.0",
        "typescript": "^5.5.0",
      },
    },
  },
  "packages": {
    "@ark/schema": ["@ark/schema@0.56.2", "", { "dependencies": { "@ark/util": "0.56.2" } }, "sha512-Qx4D2JFbBWpntiHZaTv7bGG4H/M2rigiknezKg/WVyDSaLdE4YCcWAOoFB7pjjDqHbbV2OqRfntm1nnXvwMexg=="],

    "@ark/util": ["@ark/util@0.56.2", "", {}, "sha512-9kU2sUE38FZEGG7l3hamYMBieLYEJh2L1mrYD2eXpT+78EnQSV1bhjxJhnxGBMSTbtwpBSDNSK+K60WvaI/DTQ=="],

    "@clack/core": ["@clack/core@1.4.3", "", { "dependencies": { "fast-wrap-ansi": "^0.2.0", "sisteransi": "^1.0.5" } }, "sha512-/kr3UWNtdJfxZtPgDqUOmG2pvwlmcLGheex5yiZKdwbzZJxhV+HMNR9QNmyY5cGwTNV6LrR7Jtp+KjhUAP1qBQ=="],

    "@clack/prompts": ["@clack/prompts@1.7.0", "", { "dependencies": { "@clack/core": "1.4.3", "fast-string-width": "^3.0.2", "fast-wrap-ansi": "^0.2.0", "sisteransi": "^1.0.5" } }, "sha512-y7/yvZ2TPAnR9+jnc00klvNNLkJiXFFrQA/hlLCcxA9a2A4zQIOimyFQ9XfwYKiGD1fb5GY8vbKIIgO8d5Tb2A=="],

    "@esbuild/aix-ppc64": ["@esbuild/aix-ppc64@0.28.1", "", { "os": "aix", "cpu": "ppc64" }, "sha512-Svl7tq8k/08+p6CXPpRjQ1fKX+1odH/BQbb48fV6fj3CWHhsoIOoY87w1oHXm0qEpkIK3ZfVgp0hed3XBXzXMQ=="],

    "@esbuild/android-arm": ["@esbuild/android-arm@0.28.1", "", { "os": "android", "cpu": "arm" }, "sha512-0k2F129Xdio1TdJfzJ8sy1Q47vUD2NnwdhiAf7drUN1EBTfPf4hsFCtmMgu/6m8JSzsBrlmVjudMBQqOfG8usQ=="],

    "@esbuild/android-arm64": ["@esbuild/android-arm64@0.28.1", "", { "os": "android", "cpu": "arm64" }, "sha512-34EGEbCIAgosYz6goLcopX6Mo7NyGv9tfwEM2/7Ce2VcVRk568iSvniGWcUXIy7wEDR1wzolcxcriFVrWYcwBg=="],

    "@esbuild/android-x64": ["@esbuild/android-x64@0.28.1", "", { "os": "android", "cpu": "x64" }, "sha512-dbwY7ltSMDWsRatcRpCnES4F+im88OCUgGZjy52shC7GqHRE/cYlxNbB4Z4UpJswpcc4Qxd2oE/ufM0p61IKng=="],

    "@esbuild/darwin-arm64": ["@esbuild/darwin-arm64@0.28.1", "", { "os": "darwin", "cpu": "arm64" }, "sha512-TZbWkQY7kvTAXbXUT7uVACR5cMHsDiSz9z7ZKAX/RTq/WJEk3QyRr0wZpNhBDX+/0CtdqUIJlOiodQcta6tY3Q=="],

    "@esbuild/darwin-x64": ["@esbuild/darwin-x64@0.28.1", "", { "os": "darwin", "cpu": "x64" }, "sha512-zfdzgK9ACBNZLI/CyHTOx81SyNbM6YXn7rxSgX97VjyiPl9W1i4Ka4fgKECEoFCKGpvBj5qArWIGgQjOwkgskQ=="],

    "@esbuild/freebsd-arm64": ["@esbuild/freebsd-arm64@0.28.1", "", { "os": "freebsd", "cpu": "arm64" }, "sha512-wG2EA8ENdEI0qhkSZMjfqrdY+ziCYCPMmtZjjIwOmXFjmyzEHn+UUxk5of+SYsjtfs3VpnlC7QLzSI5hY/rOAw=="],

    "@esbuild/freebsd-x64": ["@esbuild/freebsd-x64@0.28.1", "", { "os": "freebsd", "cpu": "x64" }, "sha512-i7dZ9vQgnvSCzi/rYCXNgtF/U+eKZNJBzu3eTQbRgHnM7tNSizLOkRFAl3qzVc/Op/u5YkHHa4pf/3DOYHthLQ=="],

    "@esbuild/linux-arm": ["@esbuild/linux-arm@0.28.1", "", { "os": "linux", "cpu": "arm" }, "sha512-qVXBOHQS+d5Y722GwJzJUtOLlX7km3CraOaGormF1pDtPd2C/l1SHRPgjLunLGe51Sh5YYWKMFDyV4SxgMQYTQ=="],

    "@esbuild/linux-arm64": ["@esbuild/linux-arm64@0.28.1", "", { "os": "linux", "cpu": "arm64" }, "sha512-yHs+0uc8+nvEAfAfxrWQKK5peSNzBc4PegcMO0EJ2hT71uA7vB8Ihg2e77R2P7SG5uYjPbHlLLmve4LLLRCf0g=="],

    "@esbuild/linux-ia32": ["@esbuild/linux-ia32@0.28.1", "", { "os": "linux", "cpu": "ia32" }, "sha512-d1z4ZuP0ajrfz/FhGT4vv278rX8KnPPJx8i5+AtK7TYbx9Le9F1hyzurZpkEyjkGa9dUGhQow4C1NmeGvqxN2w=="],

    "@esbuild/linux-loong64": ["@esbuild/linux-loong64@0.28.1", "", { "os": "linux", "cpu": "none" }, "sha512-M5sRjUVZrkm1OAPR3dlOYzNmN+loZKGVi1VUQGrwuqLcbR6qeAz+famMhjASeH3YVKvZz+zT1jlh/keC3Rj/lg=="],

    "@esbuild/linux-mips64el": ["@esbuild/linux-mips64el@0.28.1", "", { "os": "linux", "cpu": "none" }, "sha512-mRObBZeHh2OxcBFPWE/FjylkRgZdYuiTR3vaTozquCGOH14iP9oN4x4Ge81CoIDYQrXmIxpFumJBu5MtZpnQJQ=="],

    "@esbuild/linux-ppc64": ["@esbuild/linux-ppc64@0.28.1", "", { "os": "linux", "cpu": "ppc64" }, "sha512-slScBsMAb3GFDcdrCgLwZtPYRoH2H/youv10QiZyRjmsP48fznoveWytSgCI/R0ZcUgpc0ZhIUEx6LHts8yrfQ=="],

    "@esbuild/linux-riscv64": ["@esbuild/linux-riscv64@0.28.1", "", { "os": "linux", "cpu": "none" }, "sha512-kw0owk1o0GFETUJyW0jc0G4Yzs0BHZn0JDZ8JRT088vjJYX777BAs1fDGxAC+q831qOs2DTC96mNsG2opdfyyQ=="],

    "@esbuild/linux-s390x": ["@esbuild/linux-s390x@0.28.1", "", { "os": "linux", "cpu": "s390x" }, "sha512-/lAIjX8aYFRByhh6L5rYtPEDRqa9de/4V/juOXcta5frjvzXO4/sqEtyytse0g3zZFuWu5cDN0MkLz2qRDD2Ag=="],

    "@esbuild/linux-x64": ["@esbuild/linux-x64@0.28.1", "", { "os": "linux", "cpu": "x64" }, "sha512-u/anNYF2mmVOEDwLtnQ1wOr3EZ9sTNGLWrsYGYwHWzGA3Si84IOkHXlbWTD1NB+9/1lcnweYKO54uhxZydNzfA=="],

    "@esbuild/netbsd-arm64": ["@esbuild/netbsd-arm64@0.28.1", "", { "os": "none", "cpu": "arm64" }, "sha512-oks0DYbLwWMmaakTsCb+zL4E+aHRVLom9IJZOAthMQEPiQmydXHkziYEsGYRx0uNV/IjEKGAV941JzH02pflqw=="],

    "@esbuild/netbsd-x64": ["@esbuild/netbsd-x64@0.28.1", "", { "os": "none", "cpu": "x64" }, "sha512-aeL6lAnN89Hz43Mlh1G8ARasbuoYvSITDEx0tHh5b7jJnHcssqgjy9Yx430GDpmCa6OyrKoS0aNRjKundRizGg=="],

    "@esbuild/openbsd-arm64": ["@esbuild/openbsd-arm64@0.28.1", "", { "os": "openbsd", "cpu": "arm64" }, "sha512-MEFJe5C3R8pwXdZ5Y21oo6m7ePiS0d9pWucn99O/wvyJZChoIQKrQDxKrGeW8F5+T0okTHesAmDeiHDTIq0V/Q=="],

    "@esbuild/openbsd-x64": ["@esbuild/openbsd-x64@0.28.1", "", { "os": "openbsd", "cpu": "x64" }, "sha512-i/ZLIOafE0Z8cI/XANJAixoJL/uRAoS2xOA3rb0xN+KK0K177cMAsQYkzHtBrtMXAKuAc7HGgcWiZ/sRC1Nxgw=="],

    "@esbuild/openharmony-arm64": ["@esbuild/openharmony-arm64@0.28.1", "", { "os": "none", "cpu": "arm64" }, "sha512-ge+Z7EXFNt2BO1oAMsVpiQ8EwndV9i1xXerAeTIK7AtPs3bKFXQM7nlRxDSIUIMeueR1CNXxqztLzdNeReKBJg=="],

    "@esbuild/sunos-x64": ["@esbuild/sunos-x64@0.28.1", "", { "os": "sunos", "cpu": "x64" }, "sha512-BEjgtECkL3vY+SaSQ6nzVfiALUeFxpawyp8Jmf5PtYhf1Ug40N1h/hxlhts+f1FvSvarEigdxS3BlSMI2PJLcQ=="],

    "@esbuild/win32-arm64": ["@esbuild/win32-arm64@0.28.1", "", { "os": "win32", "cpu": "arm64" }, "sha512-lCv9eK/H6ZJWbE7bh2nw54CZ9M2nupBxJcTsdk/QQnWkdSjKGuxmmH8/GWrlT1eMmZfn4dGcCjRte397WqfQXA=="],

    "@esbuild/win32-ia32": ["@esbuild/win32-ia32@0.28.1", "", { "os": "win32", "cpu": "ia32" }, "sha512-zvb/mB2bSCoJOpoCBgYKKpX6YM6mJBlBUVUtVj41DlZJVEB6/0CKlRYxP5wWl1C1ILiCoAU5wZZ4q1P3qeS6Eg=="],

    "@esbuild/win32-x64": ["@esbuild/win32-x64@0.28.1", "", { "os": "win32", "cpu": "x64" }, "sha512-bm4Mowrv+GXMlpWX++EcXw/iLyd1o3+bJkC2DkWXYVvgZCqD/bSj9ctZeAMC3cIxgjRVR2Dufaiu4YPxr5gW1A=="],

    "@noble/hashes": ["@noble/hashes@2.2.0", "", {}, "sha512-IYqDGiTXab6FniAgnSdZwgWbomxpy9FtYvLKs7wCUs2a8RkITG+DFGO1DM9cr+E3/RgADRpFjrKVaJ1z6sjtEg=="],

    "@prisma-next/adapter-postgres": ["@prisma-next/adapter-postgres@0.16.0", "", { "dependencies": { "@prisma-next/contract": "0.16.0", "@prisma-next/contract-authoring": "0.16.0", "@prisma-next/errors": "0.16.0", "@prisma-next/family-sql": "0.16.0", "@prisma-next/framework-components": "0.16.0", "@prisma-next/ids": "0.16.0", "@prisma-next/psl-parser": "0.16.0", "@prisma-next/sql-contract": "0.16.0", "@prisma-next/sql-contract-psl": "0.16.0", "@prisma-next/sql-contract-ts": "0.16.0", "@prisma-next/sql-operations": "0.16.0", "@prisma-next/sql-relational-core": "0.16.0", "@prisma-next/sql-runtime": "0.16.0", "@prisma-next/sql-schema-ir": "0.16.0", "@prisma-next/target-postgres": "0.16.0", "@prisma-next/utils": "0.16.0", "arktype": "^2.2.2" }, "peerDependencies": { "typescript": ">=5.9" }, "optionalPeers": ["typescript"] }, "sha512-SUldSFt4NXtg5LY8ywCNuukrZj8lNDBQ2++ijRBF2VMMWRQvqztX/4/+9CoS/UjKnev/0QRbjf5oBf1wqAxcEQ=="],

    "@prisma-next/cli": ["@prisma-next/cli@0.16.0", "", { "dependencies": { "@clack/prompts": "^1.7.0", "@prisma-next/cli-telemetry": "0.16.0", "@prisma-next/config": "0.16.0", "@prisma-next/config-loader": "0.16.0", "@prisma-next/contract": "0.16.0", "@prisma-next/emitter": "0.16.0", "@prisma-next/errors": "0.16.0", "@prisma-next/framework-components": "0.16.0", "@prisma-next/language-server": "0.16.0", "@prisma-next/migration-tools": "0.16.0", "@prisma-next/psl-parser": "0.16.0", "@prisma-next/psl-printer": "0.16.0", "@prisma-next/utils": "0.16.0", "arktype": "^2.2.2", "ci-info": "^4.3.1", "clipanion": "4.0.0-rc.4", "closest-match": "^1.3.3", "colorette": "^2.0.20", "commander": "^15.0.0", "esbuild": "^0.28.1", "jsonc-parser": "^3.3.1", "package-manager-detector": "^1.7.0", "pathe": "^2.0.3", "string-width": "^8.2.2", "strip-ansi": "^7.2.0", "wrap-ansi": "^10.0.0" }, "peerDependencies": { "typescript": ">=5.9" }, "optionalPeers": ["typescript"], "bin": { "prisma-next": "dist/cli.js" } }, "sha512-f3wvWdMaKRHqp9Xtjt3nCgXMdAT4eCdQuGPPKmxpLp0Sj4LcgzOmPI7BtOWIhQEYqsHZLcpC6bl4zlgZsJtGZA=="],

    "@prisma-next/cli-telemetry": ["@prisma-next/cli-telemetry@0.16.0", "", { "dependencies": { "@prisma-next/config": "0.16.0", "@prisma-next/utils": "0.16.0", "@vercel/detect-agent": "^1.2.3", "arktype": "^2.2.2", "c12": "^3.3.4", "pathe": "^2.0.3" }, "peerDependencies": { "typescript": ">=5.9" }, "optionalPeers": ["typescript"] }, "sha512-nhPOSiDQwckRkz/JPd2hDlRbnpoLbSYOQqUtPKgXqZbeNP3hES2clhelmHGFvExbZ8GdHRJUDaohw00Je4FOhw=="],

    "@prisma-next/config": ["@prisma-next/config@0.16.0", "", { "dependencies": { "@prisma-next/contract": "0.16.0", "@prisma-next/framework-components": "0.16.0", "@prisma-next/utils": "0.16.0", "arktype": "^2.2.2", "pathe": "^2.0.3" }, "peerDependencies": { "typescript": ">=5.9" }, "optionalPeers": ["typescript"] }, "sha512-o+52umD7vGJe9TPczsvfMVd0QUxBbEL2OF46noVOoH4yL3DDaTH2q4KGBiLIDvFGzaKp93GX+7nNG1w5/nAIYw=="],

    "@prisma-next/config-loader": ["@prisma-next/config-loader@0.16.0", "", { "dependencies": { "@prisma-next/config": "0.16.0", "@prisma-next/emitter": "0.16.0", "@prisma-next/errors": "0.16.0", "@prisma-next/utils": "0.16.0", "c12": "^3.3.4", "pathe": "^2.0.3" }, "peerDependencies": { "typescript": ">=5.9" }, "optionalPeers": ["typescript"] }, "sha512-2Rq0H+I+LBBoNIUX2r3jOT/JhPHBQoIfI8O5PpKRRI+k418r1lnl0ukT8+31u7H8lCHyyp0iUtynb5Qh7DhQMg=="],

    "@prisma-next/contract": ["@prisma-next/contract@0.16.0", "", { "dependencies": { "@prisma-next/utils": "0.16.0", "@standard-schema/spec": "^1.1.0", "arktype": "^2.2.2" }, "peerDependencies": { "typescript": ">=5.9" }, "optionalPeers": ["typescript"] }, "sha512-6NJvWCVfuW3Yitrq5VDLUyy61QEwH+3civpoXauTqZ4s6uytG6Ix+LbKAlyImcDVp6OCud1veRwR/C4pH8aR1Q=="],

    "@prisma-next/contract-authoring": ["@prisma-next/contract-authoring@0.16.0", "", { "dependencies": { "@prisma-next/framework-components": "0.16.0", "@prisma-next/utils": "0.16.0" }, "peerDependencies": { "typescript": ">=5.9" }, "optionalPeers": ["typescript"] }, "sha512-3XcwR55QEEWoyrX8oEZOMc12WXPXiLelCGmiQRYSkYMTMaF8+EqkBu8a7kxM+/Wh9gwkw4NDQo4jo8CYelPUsg=="],

    "@prisma-next/driver-postgres": ["@prisma-next/driver-postgres@0.16.0", "", { "dependencies": { "@prisma-next/contract": "0.16.0", "@prisma-next/errors": "0.16.0", "@prisma-next/framework-components": "0.16.0", "@prisma-next/sql-contract": "0.16.0", "@prisma-next/sql-errors": "0.16.0", "@prisma-next/sql-operations": "0.16.0", "@prisma-next/sql-relational-core": "0.16.0", "@prisma-next/utils": "0.16.0", "arktype": "^2.2.2", "pg": "8.22.0", "pg-cursor": "^2.21.0" }, "peerDependencies": { "typescript": ">=5.9" }, "optionalPeers": ["typescript"] }, "sha512-N+sx7CETZ3ok5eis8hsI8wxHSbU+9rRxiPJMSpE5NvjRO6QgSW4udwd1NSbdWHPOheT547lRLNcWhRgsH9A/LQ=="],

    "@prisma-next/emitter": ["@prisma-next/emitter@0.16.0", "", { "dependencies": { "@prisma-next/contract": "0.16.0", "@prisma-next/framework-components": "0.16.0", "@prisma-next/operations": "0.16.0", "@prisma-next/ts-render": "0.16.0", "@prisma-next/utils": "0.16.0", "arktype": "^2.2.2", "prettier": "^3.9.5" }, "peerDependencies": { "typescript": ">=5.9" }, "optionalPeers": ["typescript"] }, "sha512-J+qLnDoJmPxYrAFg/HjG1lEu1I9U7bZTOydhFOUWaKBgxI0eOMrDwl3FFADl6i0lR2iGWxtedXd+wDtiXk+i5A=="],

    "@prisma-next/errors": ["@prisma-next/errors@0.16.0", "", { "dependencies": { "@prisma-next/framework-components": "0.16.0", "@prisma-next/utils": "0.16.0" }, "peerDependencies": { "typescript": ">=5.9" }, "optionalPeers": ["typescript"] }, "sha512-1LJtSN2QVc0RY4vr3+5QYyJnJnFW4XhnPtWuXeI+64LRjQYxC33qvpKQQdMKF+YbdNONW+ABmhNhM7WvQ3YVsA=="],

    "@prisma-next/family-sql": ["@prisma-next/family-sql@0.16.0", "", { "dependencies": { "@prisma-next/contract": "0.16.0", "@prisma-next/emitter": "0.16.0", "@prisma-next/framework-components": "0.16.0", "@prisma-next/migration-tools": "0.16.0", "@prisma-next/operations": "0.16.0", "@prisma-next/sql-contract": "0.16.0", "@prisma-next/sql-contract-emitter": "0.16.0", "@prisma-next/sql-contract-ts": "0.16.0", "@prisma-next/sql-operations": "0.16.0", "@prisma-next/sql-relational-core": "0.16.0", "@prisma-next/sql-runtime": "0.16.0", "@prisma-next/sql-schema-ir": "0.16.0", "@prisma-next/utils": "0.16.0", "arktype": "^2.2.2", "pluralize": "^8.0.0" }, "peerDependencies": { "typescript": ">=5.9" }, "optionalPeers": ["typescript"] }, "sha512-I6T0/E+MTaZ1jq7GZ4Pt68S6EKRepl+1piiszyBUZVvfU9o1XEje/flXv/YJeFs8bATaqy4dOIFO5LoXkmWHHg=="],

    "@prisma-next/framework-components": ["@prisma-next/framework-components@0.16.0", "", { "dependencies": { "@prisma-next/contract": "0.16.0", "@prisma-next/operations": "0.16.0", "@prisma-next/ts-render": "0.16.0", "@prisma-next/utils": "0.16.0", "@standard-schema/spec": "^1.1.0", "arktype": "^2.2.2" }, "peerDependencies": { "typescript": ">=5.9" }, "optionalPeers": ["typescript"] }, "sha512-VeZ/5NWDIfUNBAg4+QWbIbHDwNEr3zXJSKOdljsaE2ZvWOfYoe5hZa5MGEUR/XP90yRbBim2808iRB4TTm3//g=="],

    "@prisma-next/ids": ["@prisma-next/ids@0.16.0", "", { "dependencies": { "@prisma-next/contract": "0.16.0", "@prisma-next/framework-components": "0.16.0", "@prisma-next/utils": "0.16.0", "uniku": "^0.3.0" }, "peerDependencies": { "typescript": ">=5.9" }, "optionalPeers": ["typescript"] }, "sha512-Jq6GtYVibSxB0G5wmThCT1aIlkmCC3ccsnA466YBbI/8r1LEyX6cMAvdCN3WWYHepLTLdRfwefPzZYkDXUYLDA=="],

    "@prisma-next/language-server": ["@prisma-next/language-server@0.16.0", "", { "dependencies": { "@prisma-next/config": "0.16.0", "@prisma-next/config-loader": "0.16.0", "@prisma-next/errors": "0.16.0", "@prisma-next/framework-components": "0.16.0", "@prisma-next/psl-parser": "0.16.0", "@prisma-next/utils": "0.16.0", "pathe": "^2.0.3", "vscode-languageserver": "10.1.0", "vscode-languageserver-textdocument": "1.0.12" }, "peerDependencies": { "typescript": ">=5.9" }, "optionalPeers": ["typescript"] }, "sha512-/YHY/gA4u/0sS+hhwJOiif949TaB/x7+VYayzOKG0NXUnZ2CPTF1BKHJR4y2446QeRsCFIjERxu78+qlcnwmzQ=="],

    "@prisma-next/migration-tools": ["@prisma-next/migration-tools@0.16.0", "", { "dependencies": { "@prisma-next/contract": "0.16.0", "@prisma-next/framework-components": "0.16.0", "@prisma-next/utils": "0.16.0", "arktype": "^2.2.2", "pathe": "^2.0.3", "prettier": "^3.9.5" }, "peerDependencies": { "typescript": ">=5.9" }, "optionalPeers": ["typescript"] }, "sha512-hm9MfRfJAZUq6TZ5nV/+90ClvGbTqvKE8noyu+cLfLqUQ9u8q4d0CZW7Z4r4WuRj6vK7DBctEoGpj7xeilFZhQ=="],

    "@prisma-next/operations": ["@prisma-next/operations@0.16.0", "", { "peerDependencies": { "typescript": ">=5.9" }, "optionalPeers": ["typescript"] }, "sha512-n+5HffZ9CMeOCAIMpQ+WfXO+N7S6W94YLtqoySBJyJ1K/WIymUONSnQfmibctYzZcYMa9n36K2saScZQ+blhsQ=="],

    "@prisma-next/postgres": ["@prisma-next/postgres@0.16.0", "", { "dependencies": { "@prisma-next/adapter-postgres": "0.16.0", "@prisma-next/cli": "0.16.0", "@prisma-next/config": "0.16.0", "@prisma-next/contract": "0.16.0", "@prisma-next/driver-postgres": "0.16.0", "@prisma-next/family-sql": "0.16.0", "@prisma-next/framework-components": "0.16.0", "@prisma-next/sql-builder": "0.16.0", "@prisma-next/sql-contract": "0.16.0", "@prisma-next/sql-contract-psl": "0.16.0", "@prisma-next/sql-contract-ts": "0.16.0", "@prisma-next/sql-orm-client": "0.16.0", "@prisma-next/sql-relational-core": "0.16.0", "@prisma-next/sql-runtime": "0.16.0", "@prisma-next/target-postgres": "0.16.0", "@prisma-next/utils": "0.16.0", "pathe": "^2.0.3", "pg": "8.22.0" }, "peerDependencies": { "typescript": ">=5.9" }, "optionalPeers": ["typescript"] }, "sha512-H45TKeHuHuR3jhHomkGWe2hRTHa2TreRX9haA2vungooLgJPhYwBjU19bOa0tfEgAWk5P5BmS4OfhF5mWEnwTA=="],

    "@prisma-next/psl-parser": ["@prisma-next/psl-parser@0.16.0", "", { "dependencies": { "@prisma-next/config": "0.16.0", "@prisma-next/contract": "0.16.0", "@prisma-next/framework-components": "0.16.0", "@prisma-next/utils": "0.16.0" }, "peerDependencies": { "typescript": ">=5.9" }, "optionalPeers": ["typescript"] }, "sha512-cgPYAVQYEm8yJt+dvNNiq/Uy4hgrN/OLzDkqcO6RIpC24fHIJCIv7om7Fdu7HyS4kNpEeWxA/hNj4Dv8PAKCEw=="],

    "@prisma-next/psl-printer": ["@prisma-next/psl-printer@0.16.0", "", { "dependencies": { "@prisma-next/framework-components": "0.16.0", "@prisma-next/utils": "0.16.0" }, "peerDependencies": { "typescript": ">=5.9" }, "optionalPeers": ["typescript"] }, "sha512-0kuozAaLKUP6D9HoIHYQt9gHSUr1xpx+IfGZtbl9vV2ECRE8k8/AARwY3dWK8DPnGN4s+UNCaepKwbUs893INA=="],

    "@prisma-next/sql-builder": ["@prisma-next/sql-builder@0.16.0", "", { "dependencies": { "@prisma-next/contract": "0.16.0", "@prisma-next/framework-components": "0.16.0", "@prisma-next/sql-contract": "0.16.0", "@prisma-next/sql-operations": "0.16.0", "@prisma-next/sql-relational-core": "0.16.0" }, "peerDependencies": { "typescript": ">=5.9" }, "optionalPeers": ["typescript"] }, "sha512-lNUR3T6/aLB0GwdX1QvU5s0Fe+V4LkwoQV2KyCbGFOLV/+L/9HJcLYd/RWdq43l7W0U1XvK0GJBcLcC5SseiFw=="],

    "@prisma-next/sql-contract": ["@prisma-next/sql-contract@0.16.0", "", { "dependencies": { "@prisma-next/contract": "0.16.0", "@prisma-next/framework-components": "0.16.0", "@prisma-next/sql-schema-ir": "0.16.0", "@prisma-next/utils": "0.16.0", "arktype": "^2.2.2" }, "peerDependencies": { "typescript": ">=5.9" }, "optionalPeers": ["typescript"] }, "sha512-reYsOs6m+ZZzPaCLWGtUiPCKQgL8ap6WnVC0Q0RE/zXwBD7cw4knZJNjvpkpJBDQU2lQHXn728ZHZ3r9qTah3Q=="],

    "@prisma-next/sql-contract-emitter": ["@prisma-next/sql-contract-emitter@0.16.0", "", { "dependencies": { "@prisma-next/contract": "0.16.0", "@prisma-next/emitter": "0.16.0", "@prisma-next/framework-components": "0.16.0", "@prisma-next/sql-contract": "0.16.0", "@prisma-next/utils": "0.16.0" }, "peerDependencies": { "typescript": ">=5.9" }, "optionalPeers": ["typescript"] }, "sha512-epP3u9FqFPWZyRP1fngBpBNIipUoFqo0ogq0yfbS9nQSeGOlC82bWhSwy6kla3KybbVpp6SkZCk3ciiESziGiQ=="],

    "@prisma-next/sql-contract-psl": ["@prisma-next/sql-contract-psl@0.16.0", "", { "dependencies": { "@prisma-next/config": "0.16.0", "@prisma-next/contract": "0.16.0", "@prisma-next/framework-components": "0.16.0", "@prisma-next/psl-parser": "0.16.0", "@prisma-next/sql-contract": "0.16.0", "@prisma-next/sql-contract-ts": "0.16.0", "@prisma-next/utils": "0.16.0", "pathe": "^2.0.3" }, "peerDependencies": { "typescript": ">=5.9" }, "optionalPeers": ["typescript"] }, "sha512-9Z94wBLQult9cStxL/dvp4sVerrUaj5WJatL1c/9y+RDF0+itYZiUzdKQ6dqUZR+72hW/p+pa2KUFvVYOVbB+g=="],

    "@prisma-next/sql-contract-ts": ["@prisma-next/sql-contract-ts@0.16.0", "", { "dependencies": { "@prisma-next/config": "0.16.0", "@prisma-next/contract": "0.16.0", "@prisma-next/contract-authoring": "0.16.0", "@prisma-next/framework-components": "0.16.0", "@prisma-next/sql-contract": "0.16.0", "@prisma-next/utils": "0.16.0", "arktype": "^2.2.2", "pathe": "^2.0.3", "ts-toolbelt": "^9.6.0" }, "peerDependencies": { "typescript": ">=5.9" }, "optionalPeers": ["typescript"] }, "sha512-O/SEtFZSshWetL16GnnMlqZpZ9dy3Hf6ggAXN0NS9zC+dQkLhdyzt9uA4Fja+mR4zURzz8ZutbpS28FV29wTbw=="],

    "@prisma-next/sql-errors": ["@prisma-next/sql-errors@0.16.0", "", { "peerDependencies": { "typescript": ">=5.9" }, "optionalPeers": ["typescript"] }, "sha512-OVQ1GbQfYVCtt5ciUj5dkI7McHLQPgEyapaLawY1ViVH3UUh36L17N8KC0phE/RASsx2JQt5GxOLPtksIHhvRA=="],

    "@prisma-next/sql-operations": ["@prisma-next/sql-operations@0.16.0", "", { "dependencies": { "@prisma-next/operations": "0.16.0", "@prisma-next/sql-contract": "0.16.0", "arktype": "^2.2.2" }, "peerDependencies": { "typescript": ">=5.9" }, "optionalPeers": ["typescript"] }, "sha512-T8D2tVVpwZqZsO8aPwhQQA5DFvotWbkyKTdcsUVLt7nIePSSlTOupnA0JXr3O6ZJDLB9Pz9GOIc1KgxtS4oFpA=="],

    "@prisma-next/sql-orm-client": ["@prisma-next/sql-orm-client@0.16.0", "", { "dependencies": { "@prisma-next/contract": "0.16.0", "@prisma-next/framework-components": "0.16.0", "@prisma-next/operations": "0.16.0", "@prisma-next/sql-contract": "0.16.0", "@prisma-next/sql-errors": "0.16.0", "@prisma-next/sql-operations": "0.16.0", "@prisma-next/sql-relational-core": "0.16.0", "@prisma-next/sql-runtime": "0.16.0", "@prisma-next/utils": "0.16.0" }, "peerDependencies": { "typescript": ">=5.9" }, "optionalPeers": ["typescript"] }, "sha512-u8IvNI8H/Y44sJCsZUvhbCC8TZMHLq2cFTA7+SsNb4nqOCI9Ip2hUPrbp/fWwOOhI4bUf3EbptfYyfS8uwL5GQ=="],

    "@prisma-next/sql-relational-core": ["@prisma-next/sql-relational-core@0.16.0", "", { "dependencies": { "@prisma-next/contract": "0.16.0", "@prisma-next/framework-components": "0.16.0", "@prisma-next/operations": "0.16.0", "@prisma-next/sql-contract": "0.16.0", "@prisma-next/sql-operations": "0.16.0", "@prisma-next/utils": "0.16.0", "@standard-schema/spec": "^1.1.0", "arktype": "^2.2.2", "ts-toolbelt": "^9.6.0" }, "peerDependencies": { "typescript": ">=5.9" }, "optionalPeers": ["typescript"] }, "sha512-PmU6fjX21O6eyspv9n7BbHJWh869oDdFspU0KIy2eLAGH2tqG/1RWYk71VoJFPutdR9HWTlQIWhf3V80qHrYhA=="],

    "@prisma-next/sql-runtime": ["@prisma-next/sql-runtime@0.16.0", "", { "dependencies": { "@prisma-next/contract": "0.16.0", "@prisma-next/framework-components": "0.16.0", "@prisma-next/ids": "0.16.0", "@prisma-next/operations": "0.16.0", "@prisma-next/sql-contract": "0.16.0", "@prisma-next/sql-operations": "0.16.0", "@prisma-next/sql-relational-core": "0.16.0", "@prisma-next/utils": "0.16.0", "arktype": "^2.2.2" }, "peerDependencies": { "typescript": ">=5.9" }, "optionalPeers": ["typescript"] }, "sha512-3ysbTyDVq3NraFpGrKUlmvLRoG19spxBuwRcU2Uj+VJuTgJctddncDhaS6Uu7pYNqyxnNbyqXIEVUTyeAE8U7g=="],

    "@prisma-next/sql-schema-ir": ["@prisma-next/sql-schema-ir@0.16.0", "", { "dependencies": { "@prisma-next/contract": "0.16.0", "@prisma-next/framework-components": "0.16.0", "@prisma-next/utils": "0.16.0" }, "peerDependencies": { "typescript": ">=5.9" }, "optionalPeers": ["typescript"] }, "sha512-vITsu7BYfdKmtacfHO5V/RV6MBNKh/mIzRmHa56PDTJrcJU2B+qatg4rRZ9a6tAGAQ8au2y3DPo8+YoidAfTQQ=="],

    "@prisma-next/target-postgres": ["@prisma-next/target-postgres@0.16.0", "", { "dependencies": { "@prisma-next/cli": "0.16.0", "@prisma-next/contract": "0.16.0", "@prisma-next/errors": "0.16.0", "@prisma-next/family-sql": "0.16.0", "@prisma-next/framework-components": "0.16.0", "@prisma-next/migration-tools": "0.16.0", "@prisma-next/psl-parser": "0.16.0", "@prisma-next/sql-contract": "0.16.0", "@prisma-next/sql-errors": "0.16.0", "@prisma-next/sql-operations": "0.16.0", "@prisma-next/sql-relational-core": "0.16.0", "@prisma-next/sql-schema-ir": "0.16.0", "@prisma-next/ts-render": "0.16.0", "@prisma-next/utils": "0.16.0", "@standard-schema/spec": "^1.1.0", "arktype": "^2.2.2", "pathe": "^2.0.3" }, "peerDependencies": { "typescript": ">=5.9" }, "optionalPeers": ["typescript"] }, "sha512-MXZkNhGwG9xy4097RtC1B2rYFv82qKZDY/p+zccGZxc3727oXLQsiAMD+jSuW/UX1CYihrA2Vpa3qae4yoahSQ=="],

    "@prisma-next/ts-render": ["@prisma-next/ts-render@0.16.0", "", { "peerDependencies": { "typescript": ">=5.9" }, "optionalPeers": ["typescript"] }, "sha512-Be+jx+plchQoTPdtgqKYLmX8JY+SGjFXnfOMpHZMCrpH1wouDPJHqsaU73SYGRAtutlJIUlAahAZW61qqfJptg=="],

    "@prisma-next/utils": ["@prisma-next/utils@0.16.0", "", { "peerDependencies": { "typescript": ">=5.9" }, "optionalPeers": ["typescript"] }, "sha512-j/Q02VfXO+aSPXIEu+YNQ54/r0zCoxDWRY33H8VULln4Pe9l9s9zw3gGniXV8OqCphBp4eO4z4hQYvXIfXn8mQ=="],

    "@standard-schema/spec": ["@standard-schema/spec@1.1.0", "", {}, "sha512-l2aFy5jALhniG5HgqrD6jXLi/rUWrKvqN/qJx6yoJsgKhblVd+iqqU4RCXavm/jPityDo5TCvKMnpjKnOriy0w=="],

    "@types/node": ["@types/node@26.1.2", "", { "dependencies": { "undici-types": "~8.3.0" } }, "sha512-Vu4a5UFA9rIIFJ7rB/Vaafh9lrCQszopTCx6KjFboXTGQbPNasehVR5TEiithSDGyd1DEiUByggTZsg8jukeIg=="],

    "@vercel/detect-agent": ["@vercel/detect-agent@1.2.3", "", {}, "sha512-VYNCgUc0nOmC4WJmWw9GkrKdfr8Zl4/rxhC5SvgacBgxiW9W/9NRttUoHHXV8xdII3MaRgkZZVX8Ikzc/Jmjag=="],

    "ansi-regex": ["ansi-regex@6.2.2", "", {}, "sha512-Bq3SmSpyFHaWjPk8If9yc6svM8c56dB5BAtW4Qbw5jHTwwXXcTLoRMkpDJp6VL0XzlWaCHTXrkFURMYmD0sLqg=="],

    "ansi-styles": ["ansi-styles@6.2.3", "", {}, "sha512-4Dj6M28JB+oAH8kFkTLUo+a2jwOFkuqb3yucU0CANcRRUbxS0cP0nZYCGjcc3BNXwRIsUVmDGgzawme7zvJHvg=="],

    "arkregex": ["arkregex@0.0.8", "", { "dependencies": { "@ark/util": "0.56.2" } }, "sha512-PJcx6G1kQTgLKPUbeYlYecDRaKq15AMSGVajlKFYWlPeJRQL+j3dKE6tyMs40HZ99djS1l9Vhl3ezAHy9JBIqQ=="],

    "arktype": ["arktype@2.2.3", "", { "dependencies": { "@ark/schema": "0.56.2", "@ark/util": "0.56.2", "arkregex": "0.0.8" } }, "sha512-7W+0RLTUNJiBFIIZXwOQxSR8Z273IAd6IvqBeG9+gHnQKFsIx2C0iOtGTmMrPnlX4qLXyc5+ll7A0BIj9WrbTg=="],

    "c12": ["c12@3.3.4", "", { "dependencies": { "chokidar": "^5.0.0", "confbox": "^0.2.4", "defu": "^6.1.6", "dotenv": "^17.3.1", "exsolve": "^1.0.8", "giget": "^3.2.0", "jiti": "^2.6.1", "ohash": "^2.0.11", "pathe": "^2.0.3", "perfect-debounce": "^2.1.0", "pkg-types": "^2.3.0", "rc9": "^3.0.1" }, "peerDependencies": { "magicast": "*" }, "optionalPeers": ["magicast"] }, "sha512-cM0ApFQSBXuourJejzwv/AuPRvAxordTyParRVcHjjtXirtkzM0uK2L9TTn9s0cXZbG7E55jCivRQzoxYmRAlA=="],

    "chokidar": ["chokidar@5.0.0", "", { "dependencies": { "readdirp": "^5.0.0" } }, "sha512-TQMmc3w+5AxjpL8iIiwebF73dRDF4fBIieAqGn9RGCWaEVwQ6Fb2cGe31Yns0RRIzii5goJ1Y7xbMwo1TxMplw=="],

    "ci-info": ["ci-info@4.4.0", "", {}, "sha512-77PSwercCZU2Fc4sX94eF8k8Pxte6JAwL4/ICZLFjJLqegs7kCuAsqqj/70NQF6TvDpgFjkubQB2FW2ZZddvQg=="],

    "clipanion": ["clipanion@4.0.0-rc.4", "", { "dependencies": { "typanion": "^3.8.0" } }, "sha512-CXkMQxU6s9GklO/1f714dkKBMu1lopS1WFF0B8o4AxPykR1hpozxSiUZ5ZUeBjfPgCWqbcNOtZVFhB8Lkfp1+Q=="],

    "closest-match": ["closest-match@1.3.3", "", {}, "sha512-RSdHrZwNOvt2uMQgqJDJdM/I+5MlJ1tQJEXYrbRjSMXWiCRo06g2hwObJ7+WKt2J9ySK9/pJ0Q2vbL+BPkofDA=="],

    "colorette": ["colorette@2.0.20", "", {}, "sha512-IfEDxwoWIjkeXL1eXcDiow4UbKjhLdq6/EuSVR9GMN7KVH3r9gQ83e73hsz1Nd1T3ijd5xv1wcWRYO+D6kCI2w=="],

    "commander": ["commander@15.0.0", "", {}, "sha512-z67u4ZhzCL/Tydu1lJARtEZYWbWaN7oYLHbsuzocr6y4N6WZAagG3RQ4FW61V1/0+jImpj293XfrcYnd1qxtPg=="],

    "confbox": ["confbox@0.2.4", "", {}, "sha512-ysOGlgTFbN2/Y6Cg3Iye8YKulHw+R2fNXHrgSmXISQdMnomY6eNDprVdW9R5xBguEqI954+S6709UyiO7B+6OQ=="],

    "defu": ["defu@6.1.7", "", {}, "sha512-7z22QmUWiQ/2d0KkdYmANbRUVABpZ9SNYyH5vx6PZ+nE5bcC0l7uFvEfHlyld/HcGBFTL536ClDt3DEcSlEJAQ=="],

    "destr": ["destr@2.0.5", "", {}, "sha512-ugFTXCtDZunbzasqBxrK93Ik/DRYsO6S/fedkWEMKqt04xZ4csmnmwGDBAb07QWNaGMAmnTIemsYZCksjATwsA=="],

    "dotenv": ["dotenv@17.4.2", "", {}, "sha512-nI4U3TottKAcAD9LLud4Cb7b2QztQMUEfHbvhTH09bqXTxnSie8WnjPALV/WMCrJZ6UV/qHJ6L03OqO3LcdYZw=="],

    "esbuild": ["esbuild@0.28.1", "", { "optionalDependencies": { "@esbuild/aix-ppc64": "0.28.1", "@esbuild/android-arm": "0.28.1", "@esbuild/android-arm64": "0.28.1", "@esbuild/android-x64": "0.28.1", "@esbuild/darwin-arm64": "0.28.1", "@esbuild/darwin-x64": "0.28.1", "@esbuild/freebsd-arm64": "0.28.1", "@esbuild/freebsd-x64": "0.28.1", "@esbuild/linux-arm": "0.28.1", "@esbuild/linux-arm64": "0.28.1", "@esbuild/linux-ia32": "0.28.1", "@esbuild/linux-loong64": "0.28.1", "@esbuild/linux-mips64el": "0.28.1", "@esbuild/linux-ppc64": "0.28.1", "@esbuild/linux-riscv64": "0.28.1", "@esbuild/linux-s390x": "0.28.1", "@esbuild/linux-x64": "0.28.1", "@esbuild/netbsd-arm64": "0.28.1", "@esbuild/netbsd-x64": "0.28.1", "@esbuild/openbsd-arm64": "0.28.1", "@esbuild/openbsd-x64": "0.28.1", "@esbuild/openharmony-arm64": "0.28.1", "@esbuild/sunos-x64": "0.28.1", "@esbuild/win32-arm64": "0.28.1", "@esbuild/win32-ia32": "0.28.1", "@esbuild/win32-x64": "0.28.1" }, "bin": { "esbuild": "bin/esbuild" } }, "sha512-HrJrvZv5ayxBzPfwphOoNzkzOIIlifzk0KJrGK2c8R4+LKpMtpYLQeUdjnwjWv/LZlkH2laZk+4w78pi99D4Vw=="],

    "exsolve": ["exsolve@1.1.1", "", {}, "sha512-9U/jZUgjnSGyntRr6y5Muu1MJcwFl6kPu7k8qLF0IMNfLqvw0NZ4nnVDq0RVoZ0RvCyumib4Ez3KYrVfilrw+g=="],

    "fast-string-truncated-width": ["fast-string-truncated-width@3.0.3", "", {}, "sha512-0jjjIEL6+0jag3l2XWWizO64/aZVtpiGE3t0Zgqxv0DPuxiMjvB3M24fCyhZUO4KomJQPj3LTSUnDP3GpdwC0g=="],

    "fast-string-width": ["fast-string-width@3.0.2", "", { "dependencies": { "fast-string-truncated-width": "^3.0.2" } }, "sha512-gX8LrtNEI5hq8DVUfRQMbr5lpaS4nMIWV+7XEbXk2b8kiQIizgnlr12B4dA3ZEx3308ze0O4Q1R+cHts8kyUJg=="],

    "fast-wrap-ansi": ["fast-wrap-ansi@0.2.2", "", { "dependencies": { "fast-string-width": "^3.0.2" } }, "sha512-7F2Fl+TjRSenLqlU3UjSH0iyqopqoZIu7eZVpEirP2g1GtWa2G/ecEmBdgz31+Mxr+ELclgg6sokpSFIQiZ02Q=="],

    "get-east-asian-width": ["get-east-asian-width@1.6.0", "", {}, "sha512-QRbvDIbx6YklUe6RxeTeleMR0yv3cYH6PsPZHcnVn7xv7zO1BHN8r0XETu8n6Ye3Q+ahtSarc3WgtNWmehIBfA=="],

    "giget": ["giget@3.3.1", "", { "bin": { "giget": "dist/cli.mjs" } }, "sha512-r+mvuDjrjMpsdw46Kmeydb8bdHm7wOKw8wNBtTndkjbPjgAp5oUJUxRE76wZFknxIPokfWvep2qSXK37aXE6zg=="],

    "jiti": ["jiti@2.7.0", "", { "bin": { "jiti": "lib/jiti-cli.mjs" } }, "sha512-AC/7JofJvZGrrneWNaEnJeOLUx+JlGt7tNa0wZiRPT4MY1wmfKjt2+6O2p2uz2+skll8OZZmJMNqeke7kKbNgQ=="],

    "jsonc-parser": ["jsonc-parser@3.3.1", "", {}, "sha512-HUgH65KyejrUFPvHFPbqOY0rsFip3Bo5wb4ngvdi1EpCYWUQDC5V+Y7mZws+DLkr4M//zQJoanu1SP+87Dv1oQ=="],

    "ohash": ["ohash@2.0.11", "", {}, "sha512-RdR9FQrFwNBNXAr4GixM8YaRZRJ5PUWbKYbE5eOsrwAjJW0q2REGcf79oYPsLyskQCZG1PLN+S/K1V00joZAoQ=="],

    "package-manager-detector": ["package-manager-detector@1.8.0", "", {}, "sha512-yQA4H19AmPEoMUeavPMDIe1higySl/gH/yaQrkT/s07Qp+7pp2hYz30N3z2l5BkjVkF9Ow6o0wjJamm2y7Sn0A=="],

    "pathe": ["pathe@2.0.3", "", {}, "sha512-WUjGcAqP1gQacoQe+OBJsFA7Ld4DyXuUIjZ5cc75cLHvJ7dtNsTugphxIADwspS+AraAUePCKrSVtPLFj/F88w=="],

    "perfect-debounce": ["perfect-debounce@2.1.0", "", {}, "sha512-LjgdTytVFXeUgtHZr9WYViYSM/g8MkcTPYDlPa3cDqMirHjKiSZPYd6DoL7pK8AJQr+uWkQvCjHNdiMqsrJs+g=="],

    "pg": ["pg@8.22.0", "", { "dependencies": { "pg-connection-string": "^2.14.0", "pg-pool": "^3.14.0", "pg-protocol": "^1.15.0", "pg-types": "2.2.0", "pgpass": "1.0.5" }, "optionalDependencies": { "pg-cloudflare": "^1.4.0" }, "peerDependencies": { "pg-native": ">=3.0.1" }, "optionalPeers": ["pg-native"] }, "sha512-8wih1vVIBMxoUM2oB4soJsD9tDnDpLv4OXBJ+EJzFsvycD+lfyIreC2gGHq78f8jbLLt+bvlPTFdFZfJkOuzAA=="],

    "pg-cloudflare": ["pg-cloudflare@1.4.0", "", {}, "sha512-Vo7z/6rrQYxpNRylp4Tlob2elzbh+N/MOQbxFVWCxS7oEx6jF53GTJFxK2WWpKuBRkmiin4Mt+xofFDjx09R0A=="],

    "pg-connection-string": ["pg-connection-string@2.14.0", "", {}, "sha512-XwWDGcLRGCXAR8F/AM5bG7Q+A3Wm2s6QeEjlOKZLlH3UYcguiqCWKyWXVag5TLTIjR7oOJUY8kcADaZgWPyLeg=="],

    "pg-cursor": ["pg-cursor@2.21.0", "", { "peerDependencies": { "pg": "^8" } }, "sha512-IYvk/j+Suhtbo/C3uOf4JLsLK/gWxOTUOmYbDsbKnLaVJDq+KwhwK6ngpRfiCk8eDMS3AmGQABZCv0cREEzHQw=="],

    "pg-int8": ["pg-int8@1.0.1", "", {}, "sha512-WCtabS6t3c8SkpDBUlb1kjOs7l66xsGdKpIPZsg4wR+B3+u9UAum2odSsF9tnvxg80h4ZxLWMy4pRjOsFIqQpw=="],

    "pg-pool": ["pg-pool@3.14.0", "", { "peerDependencies": { "pg": ">=8.0" } }, "sha512-gKtPkFdQPU3DksooVLi9LsjZxrsBUZIpa+7aVx+LV5pNh0KzP4Zleud2po+ConrxbuXGBJ6Hfer6hdgpIBpBaw=="],

    "pg-protocol": ["pg-protocol@1.15.0", "", {}, "sha512-cq9sECI5s0+uPUXjbz8ioyPJni6RzsRib0US67i5IoTZKw8fNeYlVE7u8F4dG7vEJJtc5wdD1K189lCCUwqWTQ=="],

    "pg-types": ["pg-types@2.2.0", "", { "dependencies": { "pg-int8": "1.0.1", "postgres-array": "~2.0.0", "postgres-bytea": "~1.0.0", "postgres-date": "~1.0.4", "postgres-interval": "^1.1.0" } }, "sha512-qTAAlrEsl8s4OiEQY69wDvcMIdQN6wdz5ojQiOy6YRMuynxenON0O5oCpJI6lshc6scgAY8qvJ2On/p+CXY0GA=="],

    "pgpass": ["pgpass@1.0.5", "", { "dependencies": { "split2": "^4.1.0" } }, "sha512-FdW9r/jQZhSeohs1Z3sI1yxFQNFvMcnmfuj4WBMUTxOrAyLMaTcE1aAMBiTlbMNaXvBCQuVi0R7hd8udDSP7ug=="],

    "pkg-types": ["pkg-types@2.3.1", "", { "dependencies": { "confbox": "^0.2.4", "exsolve": "^1.0.8", "pathe": "^2.0.3" } }, "sha512-y+ichcgc2LrADuhLNAx8DFjVfgz91pRxfZdI3UDhxHvcVEZsenLO+7XaU5vOp0u/7V/wZ+plyuQxtrDlZJ+yeg=="],

    "pluralize": ["pluralize@8.0.0", "", {}, "sha512-Nc3IT5yHzflTfbjgqWcCPpo7DaKy4FnpB0l/zCAW0Tc7jxAiuqSxHasntB3D7887LSrA93kDJ9IXovxJYxyLCA=="],

    "postgres-array": ["postgres-array@2.0.0", "", {}, "sha512-VpZrUqU5A69eQyW2c5CA1jtLecCsN2U/bD6VilrFDWq5+5UIEVO7nazS3TEcHf1zuPYO/sqGvUvW62g86RXZuA=="],

    "postgres-bytea": ["postgres-bytea@1.0.1", "", {}, "sha512-5+5HqXnsZPE65IJZSMkZtURARZelel2oXUEO8rH83VS/hxH5vv1uHquPg5wZs8yMAfdv971IU+kcPUczi7NVBQ=="],

    "postgres-date": ["postgres-date@1.0.7", "", {}, "sha512-suDmjLVQg78nMK2UZ454hAG+OAW+HQPZ6n++TNDUX+L0+uUlLywnoxJKDou51Zm+zTCjrCl0Nq6J9C5hP9vK/Q=="],

    "postgres-interval": ["postgres-interval@1.2.0", "", { "dependencies": { "xtend": "^4.0.0" } }, "sha512-9ZhXKM/rw350N1ovuWHbGxnGh/SNJ4cnxHiM0rxE4VN41wsg8P8zWn9hv/buK00RP4WvlOyr/RBDiptyxVbkZQ=="],

    "prettier": ["prettier@3.9.6", "", { "bin": { "prettier": "bin/prettier.cjs" } }, "sha512-OpN0zzVdiaiAhxpuuj5efpIS4sY9j7bY6uR5mnj5yPzGkdkjNKSJeUThPb60Jw29QuAZgA4o+/iB49kFiaBX6g=="],

    "prisma-next": ["prisma-next@0.16.0", "", { "dependencies": { "@clack/prompts": "^1.7.0", "@prisma-next/cli-telemetry": "0.16.0", "@prisma-next/config": "0.16.0", "@prisma-next/config-loader": "0.16.0", "@prisma-next/contract": "0.16.0", "@prisma-next/emitter": "0.16.0", "@prisma-next/errors": "0.16.0", "@prisma-next/framework-components": "0.16.0", "@prisma-next/language-server": "0.16.0", "@prisma-next/migration-tools": "0.16.0", "@prisma-next/psl-parser": "0.16.0", "@prisma-next/psl-printer": "0.16.0", "@prisma-next/utils": "0.16.0", "arktype": "^2.2.2", "ci-info": "^4.3.1", "clipanion": "4.0.0-rc.4", "closest-match": "^1.3.3", "colorette": "^2.0.20", "commander": "^15.0.0", "esbuild": "^0.28.1", "jsonc-parser": "^3.3.1", "package-manager-detector": "^1.7.0", "pathe": "^2.0.3", "string-width": "^8.2.2", "strip-ansi": "^7.2.0", "wrap-ansi": "^10.0.0" }, "peerDependencies": { "typescript": ">=5.9" }, "optionalPeers": ["typescript"], "bin": { "prisma-next": "dist/cli.js" } }, "sha512-l7JuIcDJjX+ii8qif03O4pmLwy1kdMrz9x6TlvbITgxYDT9w6bV171CILTFN/JiPfBTOI1EX9SC6Ir80U2yBJA=="],

    "rc9": ["rc9@3.0.1", "", { "dependencies": { "defu": "^6.1.6", "destr": "^2.0.5" } }, "sha512-gMDyleLWVE+i6Sgtc0QbbY6pEKqYs97NGi6isHQPqYlLemPoO8dxQ3uGi0f4NiP98c+jMW6cG1Kx9dDwfvqARQ=="],

    "readdirp": ["readdirp@5.0.0", "", {}, "sha512-9u/XQ1pvrQtYyMpZe7DXKv2p5CNvyVwzUB6uhLAnQwHMSgKMBR62lc7AHljaeteeHXn11XTAaLLUVZYVZyuRBQ=="],

    "sisteransi": ["sisteransi@1.0.5", "", {}, "sha512-bLGGlR1QxBcynn2d5YmDX4MGjlZvy2MRBDRNHLJ8VI6l6+9FUiyTFNJ0IveOSP0bcXgVDPRcfGqA0pjaqUpfVg=="],

    "split2": ["split2@4.2.0", "", {}, "sha512-UcjcJOWknrNkF6PLX83qcHM6KHgVKNkV62Y8a5uYDVv9ydGQVwAHMKqHdJje1VTWpljG0WYpCDhrCdAOYH4TWg=="],

    "string-width": ["string-width@8.2.2", "", { "dependencies": { "get-east-asian-width": "^1.5.0", "strip-ansi": "^7.1.2" } }, "sha512-GaPUh5gfdrYzqeVNZvUfT23vYYxXzKYidUcnMtJg/3rxRV63EFZy3k6xfKlmfeJD0176lnUV/Usr3XcwSvFzpg=="],

    "strip-ansi": ["strip-ansi@7.2.0", "", { "dependencies": { "ansi-regex": "^6.2.2" } }, "sha512-yDPMNjp4WyfYBkHnjIRLfca1i6KMyGCtsVgoKe/z1+6vukgaENdgGBZt+ZmKPc4gavvEZ5OgHfHdrazhgNyG7w=="],

    "ts-toolbelt": ["ts-toolbelt@9.6.0", "", {}, "sha512-nsZd8ZeNUzukXPlJmTBwUAuABDe/9qtVDelJeT/qW0ow3ZS3BsQJtNkan1802aM9Uf68/Y8ljw86Hu0h5IUW3w=="],

    "typanion": ["typanion@3.14.0", "", {}, "sha512-ZW/lVMRabETuYCd9O9ZvMhAh8GslSqaUjxmK/JLPCh6l73CvLBiuXswj/+7LdnWOgYsQ130FqLzFz5aGT4I3Ug=="],

    "typescript": ["typescript@5.9.3", "", { "bin": { "tsc": "bin/tsc", "tsserver": "bin/tsserver" } }, "sha512-jl1vZzPDinLr9eUt3J/t7V6FgNEw9QjvBPdysz9KfQDD41fQrC2Y4vKQdiaUpFT4bXlb1RHhLpp8wtm6M5TgSw=="],

    "undici-types": ["undici-types@8.3.0", "", {}, "sha512-j375ScV60dom+YkPFIfTLcOiPxkN/buHz5GobjLhixFuANaNs3C9l4GmrWqejgXWJ7BbJcFYpTEUkS1Ge8bpZQ=="],

    "uniku": ["uniku@0.3.2", "", { "dependencies": { "@noble/hashes": "^2.2.0" } }, "sha512-+KesDkVak6YJG5kjkeqciTukDo9kzThuK5UFK+HtXzDbls0J5IuNXQ9mApyipyEuLVhVx61Uum8zljO73TBiiA=="],

    "vscode-jsonrpc": ["vscode-jsonrpc@9.0.1", "", {}, "sha512-rfuA6T75H6m5EkbhtEPzre9pT0HPcDI2MMy4+nPFIBks5J8JBAUHD4tRYSgaBOijIEC7SRkC1kKyXTLqbmh9jw=="],

    "vscode-languageserver": ["vscode-languageserver@10.1.0", "", { "dependencies": { "vscode-languageserver-protocol": "3.18.2" }, "bin": { "installServerIntoExtension": "bin/installServerIntoExtension" } }, "sha512-9gEWpXkYGXoqG7pBnE8O8hx/yP7+Aabn4+peQ3KDicQv6qunHSWyLTud3OF0w4S2+HfDD+5HqYKiXQW9HAU6mA=="],

    "vscode-languageserver-protocol": ["vscode-languageserver-protocol@3.18.2", "", { "dependencies": { "vscode-jsonrpc": "9.0.1", "vscode-languageserver-types": "3.18.0" } }, "sha512-XRyDbT0Pp3sSNti3JmxVEUMySWCSi1hhM+/KUlCy1hV1zmrqpM1OwO12EAki8blhmLuIMpaJrYbo0OzGVfK2Qg=="],

    "vscode-languageserver-textdocument": ["vscode-languageserver-textdocument@1.0.12", "", {}, "sha512-cxWNPesCnQCcMPeenjKKsOCKQZ/L6Tv19DTRIGuLWe32lyzWhihGVJ/rcckZXJxfdKCFvRLS3fpBIsV/ZGX4zA=="],

    "vscode-languageserver-types": ["vscode-languageserver-types@3.18.0", "", {}, "sha512-8TsGPNMIMiiBdkORgRSvLjuiEIiAFtO+KssmYWxQ+uSVvlf7RjK8YKCOjPzZ+YA04jXEV7+7LvkSmHkhpNS99g=="],

    "wrap-ansi": ["wrap-ansi@10.0.0", "", { "dependencies": { "ansi-styles": "^6.2.3", "string-width": "^8.2.0", "strip-ansi": "^7.1.2" } }, "sha512-SGcvg80f0wUy2/fXES19feHMz8E0JoXv2uNgHOu4Dgi2OrCy1lqwFYEJz1BLbDI0exjPMe/ZdzZ/YpGECBG/aQ=="],

    "xtend": ["xtend@4.0.2", "", {}, "sha512-LKYU1iAXJXUgAXn9URjiu+MWhyUXHsvfp7mcuYm9dSUKK0/CjtrUwFAxD82/mCWbtLsGjFIad0wIsod4zrTAEQ=="],
  }
}
